
Microsoft Visual Studio Solution File, Format Version 12.00
# Visual Studio Version 16
VisualStudioVersion = 16.0.30002.166
MinimumVisualStudioVersion = 10.0.40219.1
Project("{FAE04EC0-301F-11D3-BF4B-00C04F79EFBC}") = "MultiWord", "MultiWord\MultiWord.csproj", "{98FCA7AB-E58A-4ADA-9968-B34B5EDFBA7E}"
EndProject
Global
	GlobalSection(SolutionConfigurationPlatforms) = preSolution
		Debug|Any CPU = Debug|Any CPU
		Release|Any CPU = Release|Any CPU
	EndGlobalSection
	GlobalSection(ProjectConfigurationPlatforms) = postSolution
		{98FCA7AB-E58A-4ADA-9968-B34B5EDFBA7E}.Debug|Any CPU.ActiveCfg = Debug|Any CPU
		{98FCA7AB-E58A-4ADA-9968-B34B5EDFBA7E}.Debug|Any CPU.Build.0 = Debug|Any CPU
		{98FCA7AB-E58A-4ADA-9968-B34B5EDFBA7E}.Release|Any CPU.ActiveCfg = Release|Any CPU
		{98FCA7AB-E58A-4ADA-9968-B34B5EDFBA7E}.Release|Any CPU.Build.0 = Release|Any CPU
	EndGlobalSection
	GlobalSection(SolutionProperties) = preSolution
		HideSolutionNode = FALSE
	EndGlobalSection
	GlobalSection(ExtensibilityGlobals) = postSolution
		SolutionGuid = {79562B39-FFDA-4B3E-B61E-CD8BF32CC144}
	EndGlobalSection
EndGlobal
